
Microsoft Visual Studio Solution File, Format Version 12.00
# Visual Studio Version 16
VisualStudioVersion = 16.0.30711.63
MinimumVisualStudioVersion = 10.0.40219.1
Project("{9A19103F-16F7-4668-BE54-9A1E7A4F7556}") = "FactoryMethodPattern", "FactoryMethod\FactoryMethodPattern.csproj", "{5ECA21D8-576B-4C6D-8115-A8291948D684}"
EndProject
Project("{9A19103F-16F7-4668-BE54-9A1E7A4F7556}") = "TemplateMethod", "TemplateMethod\TemplateMethod.csproj", "{BA322ED3-A2C9-4EAF-AA34-3EE3317D36B8}"
EndProject
Project("{9A19103F-16F7-4668-BE54-9A1E7A4F7556}") = "AbstractFactory", "AbstractFactory\AbstractFactory.csproj", "{6A555F22-54D0-466A-94DA-CDF21872961F}"
EndProject
Project("{9A19103F-16F7-4668-BE54-9A1E7A4F7556}") = "Singleton", "Singleton\Singleton.csproj", "{9BD01DE7-05CA-417F-B5B8-DE0110E883B8}"
EndProject
Project("{9A19103F-16F7-4668-BE54-9A1E7A4F7556}") = "Command", "Command\Command.csproj", "{1146D590-2B36-4EFE-9D31-35468BAA1D7D}"
EndProject
Project("{9A19103F-16F7-4668-BE54-9A1E7A4F7556}") = "Strategy", "Strategy\Strategy.csproj", "{2D7B3DE8-562C-4E2A-B81D-D1AB1C1195D3}"
EndProject
Project("{9A19103F-16F7-4668-BE54-9A1E7A4F7556}") = "Decorator", "Decorator\Decorator.csproj", "{371285F3-5E55-4126-9CDA-D41621675893}"
EndProject
Project("{9A19103F-16F7-4668-BE54-9A1E7A4F7556}") = "Adapter", "Adapter\Adapter.csproj", "{71ADD721-545D-4EF1-B94F-1F37E46036A3}"
EndProject
Project("{9A19103F-16F7-4668-BE54-9A1E7A4F7556}") = "Proxy", "Proxy\Proxy.csproj", "{6D2CF161-3C26-43B4-8FFD-240E32AB9490}"
EndProject
Project("{9A19103F-16F7-4668-BE54-9A1E7A4F7556}") = "Bridge", "Bridge\Bridge.csproj", "{BB53D0E3-79A9-4DFE-B44A-EDF2F291FCC6}"
EndProject
Project("{9A19103F-16F7-4668-BE54-9A1E7A4F7556}") = "Observer", "Observer\Observer.csproj", "{B4D267DA-6840-4C31-BD5F-5E3771FC8F0C}"
EndProject
Project("{9A19103F-16F7-4668-BE54-9A1E7A4F7556}") = "State", "State\State.csproj", "{7BC85FFF-F58B-4717-B322-47FC8562F0DD}"
EndProject
Project("{9A19103F-16F7-4668-BE54-9A1E7A4F7556}") = "Composite", "Composite\Composite.csproj", "{EFE08B6D-848C-4842-AD2C-1F2CAA58998E}"
EndProject
Project("{9A19103F-16F7-4668-BE54-9A1E7A4F7556}") = "Iterator", "Iterator\Iterator.csproj", "{E3B77DB5-B4C2-467C-BB28-FC557AFA3976}"
EndProject
Project("{9A19103F-16F7-4668-BE54-9A1E7A4F7556}") = "Flyweight", "Flyweight\Flyweight.csproj", "{78BDDBD3-9358-4C54-AFF4-ADE00D0D1186}"
EndProject
Project("{9A19103F-16F7-4668-BE54-9A1E7A4F7556}") = "Memento", "Memento\Memento.csproj", "{C257C44F-8E8A-4F0C-A262-6B97F00F6279}"
EndProject
Project("{9A19103F-16F7-4668-BE54-9A1E7A4F7556}") = "Mediator", "Mediator\Mediator.csproj", "{A3867E59-CDC4-48AF-8481-772B06A037F5}"
EndProject
Project("{FAE04EC0-301F-11D3-BF4B-00C04F79EFBC}") = "Interpreter", "Interpreter\Interpreter.csproj", "{93331E48-61C5-446F-B249-63680C1F24C6}"
EndProject
Global
	GlobalSection(SolutionConfigurationPlatforms) = preSolution
		Debug|Any CPU = Debug|Any CPU
		Debug|x64 = Debug|x64
		Debug|x86 = Debug|x86
		Release|Any CPU = Release|Any CPU
		Release|x64 = Release|x64
		Release|x86 = Release|x86
	EndGlobalSection
	GlobalSection(ProjectConfigurationPlatforms) = postSolution
		{5ECA21D8-576B-4C6D-8115-A8291948D684}.Debug|Any CPU.ActiveCfg = Debug|Any CPU
		{5ECA21D8-576B-4C6D-8115-A8291948D684}.Debug|Any CPU.Build.0 = Debug|Any CPU
		{5ECA21D8-576B-4C6D-8115-A8291948D684}.Debug|x64.ActiveCfg = Debug|Any CPU
		{5ECA21D8-576B-4C6D-8115-A8291948D684}.Debug|x64.Build.0 = Debug|Any CPU
		{5ECA21D8-576B-4C6D-8115-A8291948D684}.Debug|x86.ActiveCfg = Debug|Any CPU
		{5ECA21D8-576B-4C6D-8115-A8291948D684}.Debug|x86.Build.0 = Debug|Any CPU
		{5ECA21D8-576B-4C6D-8115-A8291948D684}.Release|Any CPU.ActiveCfg = Release|Any CPU
		{5ECA21D8-576B-4C6D-8115-A8291948D684}.Release|Any CPU.Build.0 = Release|Any CPU
		{5ECA21D8-576B-4C6D-8115-A8291948D684}.Release|x64.ActiveCfg = Release|Any CPU
		{5ECA21D8-576B-4C6D-8115-A8291948D684}.Release|x64.Build.0 = Release|Any CPU
		{5ECA21D8-576B-4C6D-8115-A8291948D684}.Release|x86.ActiveCfg = Release|Any CPU
		{5ECA21D8-576B-4C6D-8115-A8291948D684}.Release|x86.Build.0 = Release|Any CPU
		{BA322ED3-A2C9-4EAF-AA34-3EE3317D36B8}.Debug|Any CPU.ActiveCfg = Debug|Any CPU
		{BA322ED3-A2C9-4EAF-AA34-3EE3317D36B8}.Debug|Any CPU.Build.0 = Debug|Any CPU
		{BA322ED3-A2C9-4EAF-AA34-3EE3317D36B8}.Debug|x64.ActiveCfg = Debug|Any CPU
		{BA322ED3-A2C9-4EAF-AA34-3EE3317D36B8}.Debug|x64.Build.0 = Debug|Any CPU
		{BA322ED3-A2C9-4EAF-AA34-3EE3317D36B8}.Debug|x86.ActiveCfg = Debug|Any CPU
		{BA322ED3-A2C9-4EAF-AA34-3EE3317D36B8}.Debug|x86.Build.0 = Debug|Any CPU
		{BA322ED3-A2C9-4EAF-AA34-3EE3317D36B8}.Release|Any CPU.ActiveCfg = Release|Any CPU
		{BA322ED3-A2C9-4EAF-AA34-3EE3317D36B8}.Release|Any CPU.Build.0 = Release|Any CPU
		{BA322ED3-A2C9-4EAF-AA34-3EE3317D36B8}.Release|x64.ActiveCfg = Release|Any CPU
		{BA322ED3-A2C9-4EAF-AA34-3EE3317D36B8}.Release|x64.Build.0 = Release|Any CPU
		{BA322ED3-A2C9-4EAF-AA34-3EE3317D36B8}.Release|x86.ActiveCfg = Release|Any CPU
		{BA322ED3-A2C9-4EAF-AA34-3EE3317D36B8}.Release|x86.Build.0 = Release|Any CPU
		{6A555F22-54D0-466A-94DA-CDF21872961F}.Debug|Any CPU.ActiveCfg = Debug|Any CPU
		{6A555F22-54D0-466A-94DA-CDF21872961F}.Debug|Any CPU.Build.0 = Debug|Any CPU
		{6A555F22-54D0-466A-94DA-CDF21872961F}.Debug|x64.ActiveCfg = Debug|Any CPU
		{6A555F22-54D0-466A-94DA-CDF21872961F}.Debug|x64.Build.0 = Debug|Any CPU
		{6A555F22-54D0-466A-94DA-CDF21872961F}.Debug|x86.ActiveCfg = Debug|Any CPU
		{6A555F22-54D0-466A-94DA-CDF21872961F}.Debug|x86.Build.0 = Debug|Any CPU
		{6A555F22-54D0-466A-94DA-CDF21872961F}.Release|Any CPU.ActiveCfg = Release|Any CPU
		{6A555F22-54D0-466A-94DA-CDF21872961F}.Release|Any CPU.Build.0 = Release|Any CPU
		{6A555F22-54D0-466A-94DA-CDF21872961F}.Release|x64.ActiveCfg = Release|Any CPU
		{6A555F22-54D0-466A-94DA-CDF21872961F}.Release|x64.Build.0 = Release|Any CPU
		{6A555F22-54D0-466A-94DA-CDF21872961F}.Release|x86.ActiveCfg = Release|Any CPU
		{6A555F22-54D0-466A-94DA-CDF21872961F}.Release|x86.Build.0 = Release|Any CPU
		{9BD01DE7-05CA-417F-B5B8-DE0110E883B8}.Debug|Any CPU.ActiveCfg = Debug|Any CPU
		{9BD01DE7-05CA-417F-B5B8-DE0110E883B8}.Debug|Any CPU.Build.0 = Debug|Any CPU
		{9BD01DE7-05CA-417F-B5B8-DE0110E883B8}.Debug|x64.ActiveCfg = Debug|Any CPU
		{9BD01DE7-05CA-417F-B5B8-DE0110E883B8}.Debug|x64.Build.0 = Debug|Any CPU
		{9BD01DE7-05CA-417F-B5B8-DE0110E883B8}.Debug|x86.ActiveCfg = Debug|Any CPU
		{9BD01DE7-05CA-417F-B5B8-DE0110E883B8}.Debug|x86.Build.0 = Debug|Any CPU
		{9BD01DE7-05CA-417F-B5B8-DE0110E883B8}.Release|Any CPU.ActiveCfg = Release|Any CPU
		{9BD01DE7-05CA-417F-B5B8-DE0110E883B8}.Release|Any CPU.Build.0 = Release|Any CPU
		{9BD01DE7-05CA-417F-B5B8-DE0110E883B8}.Release|x64.ActiveCfg = Release|Any CPU
		{9BD01DE7-05CA-417F-B5B8-DE0110E883B8}.Release|x64.Build.0 = Release|Any CPU
		{9BD01DE7-05CA-417F-B5B8-DE0110E883B8}.Release|x86.ActiveCfg = Release|Any CPU
		{9BD01DE7-05CA-417F-B5B8-DE0110E883B8}.Release|x86.Build.0 = Release|Any CPU
		{1146D590-2B36-4EFE-9D31-35468BAA1D7D}.Debug|Any CPU.ActiveCfg = Debug|Any CPU
		{1146D590-2B36-4EFE-9D31-35468BAA1D7D}.Debug|Any CPU.Build.0 = Debug|Any CPU
		{1146D590-2B36-4EFE-9D31-35468BAA1D7D}.Debug|x64.ActiveCfg = Debug|Any CPU
		{1146D590-2B36-4EFE-9D31-35468BAA1D7D}.Debug|x64.Build.0 = Debug|Any CPU
		{1146D590-2B36-4EFE-9D31-35468BAA1D7D}.Debug|x86.ActiveCfg = Debug|Any CPU
		{1146D590-2B36-4EFE-9D31-35468BAA1D7D}.Debug|x86.Build.0 = Debug|Any CPU
		{1146D590-2B36-4EFE-9D31-35468BAA1D7D}.Release|Any CPU.ActiveCfg = Release|Any CPU
		{1146D590-2B36-4EFE-9D31-35468BAA1D7D}.Release|Any CPU.Build.0 = Release|Any CPU
		{1146D590-2B36-4EFE-9D31-35468BAA1D7D}.Release|x64.ActiveCfg = Release|Any CPU
		{1146D590-2B36-4EFE-9D31-35468BAA1D7D}.Release|x64.Build.0 = Release|Any CPU
		{1146D590-2B36-4EFE-9D31-35468BAA1D7D}.Release|x86.ActiveCfg = Release|Any CPU
		{1146D590-2B36-4EFE-9D31-35468BAA1D7D}.Release|x86.Build.0 = Release|Any CPU
		{2D7B3DE8-562C-4E2A-B81D-D1AB1C1195D3}.Debug|Any CPU.ActiveCfg = Debug|Any CPU
		{2D7B3DE8-562C-4E2A-B81D-D1AB1C1195D3}.Debug|Any CPU.Build.0 = Debug|Any CPU
		{2D7B3DE8-562C-4E2A-B81D-D1AB1C1195D3}.Debug|x64.ActiveCfg = Debug|Any CPU
		{2D7B3DE8-562C-4E2A-B81D-D1AB1C1195D3}.Debug|x64.Build.0 = Debug|Any CPU
		{2D7B3DE8-562C-4E2A-B81D-D1AB1C1195D3}.Debug|x86.ActiveCfg = Debug|Any CPU
		{2D7B3DE8-562C-4E2A-B81D-D1AB1C1195D3}.Debug|x86.Build.0 = Debug|Any CPU
		{2D7B3DE8-562C-4E2A-B81D-D1AB1C1195D3}.Release|Any CPU.ActiveCfg = Release|Any CPU
		{2D7B3DE8-562C-4E2A-B81D-D1AB1C1195D3}.Release|Any CPU.Build.0 = Release|Any CPU
		{2D7B3DE8-562C-4E2A-B81D-D1AB1C1195D3}.Release|x64.ActiveCfg = Release|Any CPU
		{2D7B3DE8-562C-4E2A-B81D-D1AB1C1195D3}.Release|x64.Build.0 = Release|Any CPU
		{2D7B3DE8-562C-4E2A-B81D-D1AB1C1195D3}.Release|x86.ActiveCfg = Release|Any CPU
		{2D7B3DE8-562C-4E2A-B81D-D1AB1C1195D3}.Release|x86.Build.0 = Release|Any CPU
		{371285F3-5E55-4126-9CDA-D41621675893}.Debug|Any CPU.ActiveCfg = Debug|Any CPU
		{371285F3-5E55-4126-9CDA-D41621675893}.Debug|Any CPU.Build.0 = Debug|Any CPU
		{371285F3-5E55-4126-9CDA-D41621675893}.Debug|x64.ActiveCfg = Debug|Any CPU
		{371285F3-5E55-4126-9CDA-D41621675893}.Debug|x64.Build.0 = Debug|Any CPU
		{371285F3-5E55-4126-9CDA-D41621675893}.Debug|x86.ActiveCfg = Debug|Any CPU
		{371285F3-5E55-4126-9CDA-D41621675893}.Debug|x86.Build.0 = Debug|Any CPU
		{371285F3-5E55-4126-9CDA-D41621675893}.Release|Any CPU.ActiveCfg = Release|Any CPU
		{371285F3-5E55-4126-9CDA-D41621675893}.Release|Any CPU.Build.0 = Release|Any CPU
		{371285F3-5E55-4126-9CDA-D41621675893}.Release|x64.ActiveCfg = Release|Any CPU
		{371285F3-5E55-4126-9CDA-D41621675893}.Release|x64.Build.0 = Release|Any CPU
		{371285F3-5E55-4126-9CDA-D41621675893}.Release|x86.ActiveCfg = Release|Any CPU
		{371285F3-5E55-4126-9CDA-D41621675893}.Release|x86.Build.0 = Release|Any CPU
		{71ADD721-545D-4EF1-B94F-1F37E46036A3}.Debug|Any CPU.ActiveCfg = Debug|Any CPU
		{71ADD721-545D-4EF1-B94F-1F37E46036A3}.Debug|Any CPU.Build.0 = Debug|Any CPU
		{71ADD721-545D-4EF1-B94F-1F37E46036A3}.Debug|x64.ActiveCfg = Debug|Any CPU
		{71ADD721-545D-4EF1-B94F-1F37E46036A3}.Debug|x64.Build.0 = Debug|Any CPU
		{71ADD721-545D-4EF1-B94F-1F37E46036A3}.Debug|x86.ActiveCfg = Debug|Any CPU
		{71ADD721-545D-4EF1-B94F-1F37E46036A3}.Debug|x86.Build.0 = Debug|Any CPU
		{71ADD721-545D-4EF1-B94F-1F37E46036A3}.Release|Any CPU.ActiveCfg = Release|Any CPU
		{71ADD721-545D-4EF1-B94F-1F37E46036A3}.Release|Any CPU.Build.0 = Release|Any CPU
		{71ADD721-545D-4EF1-B94F-1F37E46036A3}.Release|x64.ActiveCfg = Release|Any CPU
		{71ADD721-545D-4EF1-B94F-1F37E46036A3}.Release|x64.Build.0 = Release|Any CPU
		{71ADD721-545D-4EF1-B94F-1F37E46036A3}.Release|x86.ActiveCfg = Release|Any CPU
		{71ADD721-545D-4EF1-B94F-1F37E46036A3}.Release|x86.Build.0 = Release|Any CPU
		{6D2CF161-3C26-43B4-8FFD-240E32AB9490}.Debug|Any CPU.ActiveCfg = Debug|Any CPU
		{6D2CF161-3C26-43B4-8FFD-240E32AB9490}.Debug|Any CPU.Build.0 = Debug|Any CPU
		{6D2CF161-3C26-43B4-8FFD-240E32AB9490}.Debug|x64.ActiveCfg = Debug|Any CPU
		{6D2CF161-3C26-43B4-8FFD-240E32AB9490}.Debug|x64.Build.0 = Debug|Any CPU
		{6D2CF161-3C26-43B4-8FFD-240E32AB9490}.Debug|x86.ActiveCfg = Debug|Any CPU
		{6D2CF161-3C26-43B4-8FFD-240E32AB9490}.Debug|x86.Build.0 = Debug|Any CPU
		{6D2CF161-3C26-43B4-8FFD-240E32AB9490}.Release|Any CPU.ActiveCfg = Release|Any CPU
		{6D2CF161-3C26-43B4-8FFD-240E32AB9490}.Release|Any CPU.Build.0 = Release|Any CPU
		{6D2CF161-3C26-43B4-8FFD-240E32AB9490}.Release|x64.ActiveCfg = Release|Any CPU
		{6D2CF161-3C26-43B4-8FFD-240E32AB9490}.Release|x64.Build.0 = Release|Any CPU
		{6D2CF161-3C26-43B4-8FFD-240E32AB9490}.Release|x86.ActiveCfg = Release|Any CPU
		{6D2CF161-3C26-43B4-8FFD-240E32AB9490}.Release|x86.Build.0 = Release|Any CPU
		{BB53D0E3-79A9-4DFE-B44A-EDF2F291FCC6}.Debug|Any CPU.ActiveCfg = Debug|Any CPU
		{BB53D0E3-79A9-4DFE-B44A-EDF2F291FCC6}.Debug|Any CPU.Build.0 = Debug|Any CPU
		{BB53D0E3-79A9-4DFE-B44A-EDF2F291FCC6}.Debug|x64.ActiveCfg = Debug|Any CPU
		{BB53D0E3-79A9-4DFE-B44A-EDF2F291FCC6}.Debug|x64.Build.0 = Debug|Any CPU
		{BB53D0E3-79A9-4DFE-B44A-EDF2F291FCC6}.Debug|x86.ActiveCfg = Debug|Any CPU
		{BB53D0E3-79A9-4DFE-B44A-EDF2F291FCC6}.Debug|x86.Build.0 = Debug|Any CPU
		{BB53D0E3-79A9-4DFE-B44A-EDF2F291FCC6}.Release|Any CPU.ActiveCfg = Release|Any CPU
		{BB53D0E3-79A9-4DFE-B44A-EDF2F291FCC6}.Release|Any CPU.Build.0 = Release|Any CPU
		{BB53D0E3-79A9-4DFE-B44A-EDF2F291FCC6}.Release|x64.ActiveCfg = Release|Any CPU
		{BB53D0E3-79A9-4DFE-B44A-EDF2F291FCC6}.Release|x64.Build.0 = Release|Any CPU
		{BB53D0E3-79A9-4DFE-B44A-EDF2F291FCC6}.Release|x86.ActiveCfg = Release|Any CPU
		{BB53D0E3-79A9-4DFE-B44A-EDF2F291FCC6}.Release|x86.Build.0 = Release|Any CPU
		{B4D267DA-6840-4C31-BD5F-5E3771FC8F0C}.Debug|Any CPU.ActiveCfg = Debug|Any CPU
		{B4D267DA-6840-4C31-BD5F-5E3771FC8F0C}.Debug|Any CPU.Build.0 = Debug|Any CPU
		{B4D267DA-6840-4C31-BD5F-5E3771FC8F0C}.Debug|x64.ActiveCfg = Debug|Any CPU
		{B4D267DA-6840-4C31-BD5F-5E3771FC8F0C}.Debug|x64.Build.0 = Debug|Any CPU
		{B4D267DA-6840-4C31-BD5F-5E3771FC8F0C}.Debug|x86.ActiveCfg = Debug|Any CPU
		{B4D267DA-6840-4C31-BD5F-5E3771FC8F0C}.Debug|x86.Build.0 = Debug|Any CPU
		{B4D267DA-6840-4C31-BD5F-5E3771FC8F0C}.Release|Any CPU.ActiveCfg = Release|Any CPU
		{B4D267DA-6840-4C31-BD5F-5E3771FC8F0C}.Release|Any CPU.Build.0 = Release|Any CPU
		{B4D267DA-6840-4C31-BD5F-5E3771FC8F0C}.Release|x64.ActiveCfg = Release|Any CPU
		{B4D267DA-6840-4C31-BD5F-5E3771FC8F0C}.Release|x64.Build.0 = Release|Any CPU
		{B4D267DA-6840-4C31-BD5F-5E3771FC8F0C}.Release|x86.ActiveCfg = Release|Any CPU
		{B4D267DA-6840-4C31-BD5F-5E3771FC8F0C}.Release|x86.Build.0 = Release|Any CPU
		{7BC85FFF-F58B-4717-B322-47FC8562F0DD}.Debug|Any CPU.ActiveCfg = Debug|Any CPU
		{7BC85FFF-F58B-4717-B322-47FC8562F0DD}.Debug|Any CPU.Build.0 = Debug|Any CPU
		{7BC85FFF-F58B-4717-B322-47FC8562F0DD}.Debug|x64.ActiveCfg = Debug|Any CPU
		{7BC85FFF-F58B-4717-B322-47FC8562F0DD}.Debug|x64.Build.0 = Debug|Any CPU
		{7BC85FFF-F58B-4717-B322-47FC8562F0DD}.Debug|x86.ActiveCfg = Debug|Any CPU
		{7BC85FFF-F58B-4717-B322-47FC8562F0DD}.Debug|x86.Build.0 = Debug|Any CPU
		{7BC85FFF-F58B-4717-B322-47FC8562F0DD}.Release|Any CPU.ActiveCfg = Release|Any CPU
		{7BC85FFF-F58B-4717-B322-47FC8562F0DD}.Release|Any CPU.Build.0 = Release|Any CPU
		{7BC85FFF-F58B-4717-B322-47FC8562F0DD}.Release|x64.ActiveCfg = Release|Any CPU
		{7BC85FFF-F58B-4717-B322-47FC8562F0DD}.Release|x64.Build.0 = Release|Any CPU
		{7BC85FFF-F58B-4717-B322-47FC8562F0DD}.Release|x86.ActiveCfg = Release|Any CPU
		{7BC85FFF-F58B-4717-B322-47FC8562F0DD}.Release|x86.Build.0 = Release|Any CPU
		{EFE08B6D-848C-4842-AD2C-1F2CAA58998E}.Debug|Any CPU.ActiveCfg = Debug|Any CPU
		{EFE08B6D-848C-4842-AD2C-1F2CAA58998E}.Debug|Any CPU.Build.0 = Debug|Any CPU
		{EFE08B6D-848C-4842-AD2C-1F2CAA58998E}.Debug|x64.ActiveCfg = Debug|Any CPU
		{EFE08B6D-848C-4842-AD2C-1F2CAA58998E}.Debug|x64.Build.0 = Debug|Any CPU
		{EFE08B6D-848C-4842-AD2C-1F2CAA58998E}.Debug|x86.ActiveCfg = Debug|Any CPU
		{EFE08B6D-848C-4842-AD2C-1F2CAA58998E}.Debug|x86.Build.0 = Debug|Any CPU
		{EFE08B6D-848C-4842-AD2C-1F2CAA58998E}.Release|Any CPU.ActiveCfg = Release|Any CPU
		{EFE08B6D-848C-4842-AD2C-1F2CAA58998E}.Release|Any CPU.Build.0 = Release|Any CPU
		{EFE08B6D-848C-4842-AD2C-1F2CAA58998E}.Release|x64.ActiveCfg = Release|Any CPU
		{EFE08B6D-848C-4842-AD2C-1F2CAA58998E}.Release|x64.Build.0 = Release|Any CPU
		{EFE08B6D-848C-4842-AD2C-1F2CAA58998E}.Release|x86.ActiveCfg = Release|Any CPU
		{EFE08B6D-848C-4842-AD2C-1F2CAA58998E}.Release|x86.Build.0 = Release|Any CPU
		{E3B77DB5-B4C2-467C-BB28-FC557AFA3976}.Debug|Any CPU.ActiveCfg = Debug|Any CPU
		{E3B77DB5-B4C2-467C-BB28-FC557AFA3976}.Debug|Any CPU.Build.0 = Debug|Any CPU
		{E3B77DB5-B4C2-467C-BB28-FC557AFA3976}.Debug|x64.ActiveCfg = Debug|Any CPU
		{E3B77DB5-B4C2-467C-BB28-FC557AFA3976}.Debug|x64.Build.0 = Debug|Any CPU
		{E3B77DB5-B4C2-467C-BB28-FC557AFA3976}.Debug|x86.ActiveCfg = Debug|Any CPU
		{E3B77DB5-B4C2-467C-BB28-FC557AFA3976}.Debug|x86.Build.0 = Debug|Any CPU
		{E3B77DB5-B4C2-467C-BB28-FC557AFA3976}.Release|Any CPU.ActiveCfg = Release|Any CPU
		{E3B77DB5-B4C2-467C-BB28-FC557AFA3976}.Release|Any CPU.Build.0 = Release|Any CPU
		{E3B77DB5-B4C2-467C-BB28-FC557AFA3976}.Release|x64.ActiveCfg = Release|Any CPU
		{E3B77DB5-B4C2-467C-BB28-FC557AFA3976}.Release|x64.Build.0 = Release|Any CPU
		{E3B77DB5-B4C2-467C-BB28-FC557AFA3976}.Release|x86.ActiveCfg = Release|Any CPU
		{E3B77DB5-B4C2-467C-BB28-FC557AFA3976}.Release|x86.Build.0 = Release|Any CPU
		{78BDDBD3-9358-4C54-AFF4-ADE00D0D1186}.Debug|Any CPU.ActiveCfg = Debug|Any CPU
		{78BDDBD3-9358-4C54-AFF4-ADE00D0D1186}.Debug|Any CPU.Build.0 = Debug|Any CPU
		{78BDDBD3-9358-4C54-AFF4-ADE00D0D1186}.Debug|x64.ActiveCfg = Debug|Any CPU
		{78BDDBD3-9358-4C54-AFF4-ADE00D0D1186}.Debug|x64.Build.0 = Debug|Any CPU
		{78BDDBD3-9358-4C54-AFF4-ADE00D0D1186}.Debug|x86.ActiveCfg = Debug|Any CPU
		{78BDDBD3-9358-4C54-AFF4-ADE00D0D1186}.Debug|x86.Build.0 = Debug|Any CPU
		{78BDDBD3-9358-4C54-AFF4-ADE00D0D1186}.Release|Any CPU.ActiveCfg = Release|Any CPU
		{78BDDBD3-9358-4C54-AFF4-ADE00D0D1186}.Release|Any CPU.Build.0 = Release|Any CPU
		{78BDDBD3-9358-4C54-AFF4-ADE00D0D1186}.Release|x64.ActiveCfg = Release|Any CPU
		{78BDDBD3-9358-4C54-AFF4-ADE00D0D1186}.Release|x64.Build.0 = Release|Any CPU
		{78BDDBD3-9358-4C54-AFF4-ADE00D0D1186}.Release|x86.ActiveCfg = Release|Any CPU
		{78BDDBD3-9358-4C54-AFF4-ADE00D0D1186}.Release|x86.Build.0 = Release|Any CPU
		{C257C44F-8E8A-4F0C-A262-6B97F00F6279}.Debug|Any CPU.ActiveCfg = Debug|Any CPU
		{C257C44F-8E8A-4F0C-A262-6B97F00F6279}.Debug|Any CPU.Build.0 = Debug|Any CPU
		{C257C44F-8E8A-4F0C-A262-6B97F00F6279}.Debug|x64.ActiveCfg = Debug|Any CPU
		{C257C44F-8E8A-4F0C-A262-6B97F00F6279}.Debug|x64.Build.0 = Debug|Any CPU
		{C257C44F-8E8A-4F0C-A262-6B97F00F6279}.Debug|x86.ActiveCfg = Debug|Any CPU
		{C257C44F-8E8A-4F0C-A262-6B97F00F6279}.Debug|x86.Build.0 = Debug|Any CPU
		{C257C44F-8E8A-4F0C-A262-6B97F00F6279}.Release|Any CPU.ActiveCfg = Release|Any CPU
		{C257C44F-8E8A-4F0C-A262-6B97F00F6279}.Release|Any CPU.Build.0 = Release|Any CPU
		{C257C44F-8E8A-4F0C-A262-6B97F00F6279}.Release|x64.ActiveCfg = Release|Any CPU
		{C257C44F-8E8A-4F0C-A262-6B97F00F6279}.Release|x64.Build.0 = Release|Any CPU
		{C257C44F-8E8A-4F0C-A262-6B97F00F6279}.Release|x86.ActiveCfg = Release|Any CPU
		{C257C44F-8E8A-4F0C-A262-6B97F00F6279}.Release|x86.Build.0 = Release|Any CPU
		{A3867E59-CDC4-48AF-8481-772B06A037F5}.Debug|Any CPU.ActiveCfg = Debug|Any CPU
		{A3867E59-CDC4-48AF-8481-772B06A037F5}.Debug|Any CPU.Build.0 = Debug|Any CPU
		{A3867E59-CDC4-48AF-8481-772B06A037F5}.Debug|x64.ActiveCfg = Debug|Any CPU
		{A3867E59-CDC4-48AF-8481-772B06A037F5}.Debug|x64.Build.0 = Debug|Any CPU
		{A3867E59-CDC4-48AF-8481-772B06A037F5}.Debug|x86.ActiveCfg = Debug|Any CPU
		{A3867E59-CDC4-48AF-8481-772B06A037F5}.Debug|x86.Build.0 = Debug|Any CPU
		{A3867E59-CDC4-48AF-8481-772B06A037F5}.Release|Any CPU.ActiveCfg = Release|Any CPU
		{A3867E59-CDC4-48AF-8481-772B06A037F5}.Release|Any CPU.Build.0 = Release|Any CPU
		{A3867E59-CDC4-48AF-8481-772B06A037F5}.Release|x64.ActiveCfg = Release|Any CPU
		{A3867E59-CDC4-48AF-8481-772B06A037F5}.Release|x64.Build.0 = Release|Any CPU
		{A3867E59-CDC4-48AF-8481-772B06A037F5}.Release|x86.ActiveCfg = Release|Any CPU
		{A3867E59-CDC4-48AF-8481-772B06A037F5}.Release|x86.Build.0 = Release|Any CPU
		{93331E48-61C5-446F-B249-63680C1F24C6}.Debug|Any CPU.ActiveCfg = Debug|Any CPU
		{93331E48-61C5-446F-B249-63680C1F24C6}.Debug|Any CPU.Build.0 = Debug|Any CPU
		{93331E48-61C5-446F-B249-63680C1F24C6}.Debug|x64.ActiveCfg = Debug|Any CPU
		{93331E48-61C5-446F-B249-63680C1F24C6}.Debug|x64.Build.0 = Debug|Any CPU
		{93331E48-61C5-446F-B249-63680C1F24C6}.Debug|x86.ActiveCfg = Debug|Any CPU
		{93331E48-61C5-446F-B249-63680C1F24C6}.Debug|x86.Build.0 = Debug|Any CPU
		{93331E48-61C5-446F-B249-63680C1F24C6}.Release|Any CPU.ActiveCfg = Release|Any CPU
		{93331E48-61C5-446F-B249-63680C1F24C6}.Release|Any CPU.Build.0 = Release|Any CPU
		{93331E48-61C5-446F-B249-63680C1F24C6}.Release|x64.ActiveCfg = Release|Any CPU
		{93331E48-61C5-446F-B249-63680C1F24C6}.Release|x64.Build.0 = Release|Any CPU
		{93331E48-61C5-446F-B249-63680C1F24C6}.Release|x86.ActiveCfg = Release|Any CPU
		{93331E48-61C5-446F-B249-63680C1F24C6}.Release|x86.Build.0 = Release|Any CPU
	EndGlobalSection
	GlobalSection(SolutionProperties) = preSolution
		HideSolutionNode = FALSE
	EndGlobalSection
	GlobalSection(ExtensibilityGlobals) = postSolution
		SolutionGuid = {A41F7ACD-1E0D-4730-BCC1-06F929508BB4}
	EndGlobalSection
EndGlobal
