
Microsoft Visual Studio Solution File, Format Version 12.00
# Visual Studio Version 16
VisualStudioVersion = 16.0.30711.63
MinimumVisualStudioVersion = 10.0.40219.1
Project("{FAE04EC0-301F-11D3-BF4B-00C04F79EFBC}") = "LinqExamples", "LinqExamples\LinqExamples.csproj", "{F88BB54A-0866-44AC-9EA3-10995C6FE114}"
EndProject
Global
	GlobalSection(SolutionConfigurationPlatforms) = preSolution
		Debug|Any CPU = Debug|Any CPU
		Release|Any CPU = Release|Any CPU
	EndGlobalSection
	GlobalSection(ProjectConfigurationPlatforms) = postSolution
		{F88BB54A-0866-44AC-9EA3-10995C6FE114}.Debug|Any CPU.ActiveCfg = Debug|Any CPU
		{F88BB54A-0866-44AC-9EA3-10995C6FE114}.Debug|Any CPU.Build.0 = Debug|Any CPU
		{F88BB54A-0866-44AC-9EA3-10995C6FE114}.Release|Any CPU.ActiveCfg = Release|Any CPU
		{F88BB54A-0866-44AC-9EA3-10995C6FE114}.Release|Any CPU.Build.0 = Release|Any CPU
	EndGlobalSection
	GlobalSection(SolutionProperties) = preSolution
		HideSolutionNode = FALSE
	EndGlobalSection
	GlobalSection(ExtensibilityGlobals) = postSolution
		SolutionGuid = {CEE6CE3A-9F4B-4096-BA8B-E412168F2A6C}
	EndGlobalSection
EndGlobal
