
Microsoft Visual Studio Solution File, Format Version 12.00
# Visual Studio Version 16
VisualStudioVersion = 16.0.30711.63
MinimumVisualStudioVersion = 10.0.40219.1
Project("{FAE04EC0-301F-11D3-BF4B-00C04F79EFBC}") = "FinalExamPreparation", "FinalExamPreparation\FinalExamPreparation.csproj", "{A762836E-E924-42F6-9020-30F5334B2905}"
EndProject
Global
	GlobalSection(SolutionConfigurationPlatforms) = preSolution
		Debug|Any CPU = Debug|Any CPU
		Release|Any CPU = Release|Any CPU
	EndGlobalSection
	GlobalSection(ProjectConfigurationPlatforms) = postSolution
		{A762836E-E924-42F6-9020-30F5334B2905}.Debug|Any CPU.ActiveCfg = Debug|Any CPU
		{A762836E-E924-42F6-9020-30F5334B2905}.Debug|Any CPU.Build.0 = Debug|Any CPU
		{A762836E-E924-42F6-9020-30F5334B2905}.Release|Any CPU.ActiveCfg = Release|Any CPU
		{A762836E-E924-42F6-9020-30F5334B2905}.Release|Any CPU.Build.0 = Release|Any CPU
	EndGlobalSection
	GlobalSection(SolutionProperties) = preSolution
		HideSolutionNode = FALSE
	EndGlobalSection
	GlobalSection(ExtensibilityGlobals) = postSolution
		SolutionGuid = {F250979E-C168-43E3-BE2E-B6687307354A}
	EndGlobalSection
EndGlobal
