
Microsoft Visual Studio Solution File, Format Version 12.00
# Visual Studio Version 16
VisualStudioVersion = 16.0.30711.63
MinimumVisualStudioVersion = 10.0.40219.1
Project("{9A19103F-16F7-4668-BE54-9A1E7A4F7556}") = "StringListDictArray", "StringListDictArray\StringListDictArray.csproj", "{E02BD4D3-CB14-4FF0-9C34-4C3E18D2CA14}"
EndProject
Project("{FAE04EC0-301F-11D3-BF4B-00C04F79EFBC}") = "XUnitTestProject1", "XUnitTestProject1\XUnitTestProject1.csproj", "{8EEA6E1B-A25F-4A0B-A04B-35E9B0372B22}"
	ProjectSection(ProjectDependencies) = postProject
		{E02BD4D3-CB14-4FF0-9C34-4C3E18D2CA14} = {E02BD4D3-CB14-4FF0-9C34-4C3E18D2CA14}
	EndProjectSection
EndProject
Global
	GlobalSection(SolutionConfigurationPlatforms) = preSolution
		Debug|Any CPU = Debug|Any CPU
		Release|Any CPU = Release|Any CPU
	EndGlobalSection
	GlobalSection(ProjectConfigurationPlatforms) = postSolution
		{E02BD4D3-CB14-4FF0-9C34-4C3E18D2CA14}.Debug|Any CPU.ActiveCfg = Debug|Any CPU
		{E02BD4D3-CB14-4FF0-9C34-4C3E18D2CA14}.Debug|Any CPU.Build.0 = Debug|Any CPU
		{E02BD4D3-CB14-4FF0-9C34-4C3E18D2CA14}.Release|Any CPU.ActiveCfg = Release|Any CPU
		{E02BD4D3-CB14-4FF0-9C34-4C3E18D2CA14}.Release|Any CPU.Build.0 = Release|Any CPU
		{8EEA6E1B-A25F-4A0B-A04B-35E9B0372B22}.Debug|Any CPU.ActiveCfg = Debug|Any CPU
		{8EEA6E1B-A25F-4A0B-A04B-35E9B0372B22}.Debug|Any CPU.Build.0 = Debug|Any CPU
		{8EEA6E1B-A25F-4A0B-A04B-35E9B0372B22}.Release|Any CPU.ActiveCfg = Release|Any CPU
		{8EEA6E1B-A25F-4A0B-A04B-35E9B0372B22}.Release|Any CPU.Build.0 = Release|Any CPU
	EndGlobalSection
	GlobalSection(SolutionProperties) = preSolution
		HideSolutionNode = FALSE
	EndGlobalSection
	GlobalSection(ExtensibilityGlobals) = postSolution
		SolutionGuid = {3659F572-3E38-4DA5-B0A5-BE8FF816E0A7}
	EndGlobalSection
EndGlobal
