
Microsoft Visual Studio Solution File, Format Version 12.00
# Visual Studio Version 16
VisualStudioVersion = 16.0.30711.63
MinimumVisualStudioVersion = 10.0.40219.1
Project("{FAE04EC0-301F-11D3-BF4B-00C04F79EFBC}") = "HttpContextTestApp", "HttpContextTestApp\HttpContextTestApp.csproj", "{E367772C-ED6A-4ED2-8391-27475B9110CA}"
EndProject
Global
	GlobalSection(SolutionConfigurationPlatforms) = preSolution
		Debug|Any CPU = Debug|Any CPU
		Release|Any CPU = Release|Any CPU
	EndGlobalSection
	GlobalSection(ProjectConfigurationPlatforms) = postSolution
		{E367772C-ED6A-4ED2-8391-27475B9110CA}.Debug|Any CPU.ActiveCfg = Debug|Any CPU
		{E367772C-ED6A-4ED2-8391-27475B9110CA}.Debug|Any CPU.Build.0 = Debug|Any CPU
		{E367772C-ED6A-4ED2-8391-27475B9110CA}.Release|Any CPU.ActiveCfg = Release|Any CPU
		{E367772C-ED6A-4ED2-8391-27475B9110CA}.Release|Any CPU.Build.0 = Release|Any CPU
	EndGlobalSection
	GlobalSection(SolutionProperties) = preSolution
		HideSolutionNode = FALSE
	EndGlobalSection
	GlobalSection(ExtensibilityGlobals) = postSolution
		SolutionGuid = {B2640E98-0B00-41D9-9869-A0A6AA24B283}
	EndGlobalSection
EndGlobal
