
Microsoft Visual Studio Solution File, Format Version 12.00
# Visual Studio Version 16
VisualStudioVersion = 16.0.30711.63
MinimumVisualStudioVersion = 10.0.40219.1
Project("{FAE04EC0-301F-11D3-BF4B-00C04F79EFBC}") = "FinalExam", "FinalExam\FinalExam.csproj", "{BB9AE70C-B0B5-4BDF-B95E-09A245F158AF}"
EndProject
Project("{FAE04EC0-301F-11D3-BF4B-00C04F79EFBC}") = "XUnitTestProject1", "XUnitTestProject1\XUnitTestProject1.csproj", "{AF2448E1-BEF7-44C5-98D1-BA08E5044E11}"
EndProject
Global
	GlobalSection(SolutionConfigurationPlatforms) = preSolution
		Debug|Any CPU = Debug|Any CPU
		Release|Any CPU = Release|Any CPU
	EndGlobalSection
	GlobalSection(ProjectConfigurationPlatforms) = postSolution
		{BB9AE70C-B0B5-4BDF-B95E-09A245F158AF}.Debug|Any CPU.ActiveCfg = Debug|Any CPU
		{BB9AE70C-B0B5-4BDF-B95E-09A245F158AF}.Debug|Any CPU.Build.0 = Debug|Any CPU
		{BB9AE70C-B0B5-4BDF-B95E-09A245F158AF}.Release|Any CPU.ActiveCfg = Release|Any CPU
		{BB9AE70C-B0B5-4BDF-B95E-09A245F158AF}.Release|Any CPU.Build.0 = Release|Any CPU
		{AF2448E1-BEF7-44C5-98D1-BA08E5044E11}.Debug|Any CPU.ActiveCfg = Debug|Any CPU
		{AF2448E1-BEF7-44C5-98D1-BA08E5044E11}.Debug|Any CPU.Build.0 = Debug|Any CPU
		{AF2448E1-BEF7-44C5-98D1-BA08E5044E11}.Release|Any CPU.ActiveCfg = Release|Any CPU
		{AF2448E1-BEF7-44C5-98D1-BA08E5044E11}.Release|Any CPU.Build.0 = Release|Any CPU
	EndGlobalSection
	GlobalSection(SolutionProperties) = preSolution
		HideSolutionNode = FALSE
	EndGlobalSection
	GlobalSection(ExtensibilityGlobals) = postSolution
		SolutionGuid = {A3E894EC-88F3-488D-BDFF-B8E26ED97228}
	EndGlobalSection
EndGlobal
